PODS:
  - ReactiveCocoa (2.5):
    - ReactiveCocoa/UI (= 2.5)
  - ReactiveCocoa/Core (2.5):
    - ReactiveCocoa/no-arc
  - ReactiveCocoa/no-arc (2.5)
  - ReactiveCocoa/UI (2.5):
    - ReactiveCocoa/Core
  - TheAmazingAudioEngine (1.4.6)

DEPENDENCIES:
  - ReactiveCocoa
  - TheAmazingAudioEngine

SPEC CHECKSUMS:
  ReactiveCocoa: e2db045570aa97c695e7aa97c2bcab222ae51f4a
  TheAmazingAudioEngine: 014e942f20456feaf5ccb48f440402306350abf8

COCOAPODS: 0.37.0
